
Microsoft Visual Studio Solution File, Format Version 11.00
# Visual Studio 2010
Project("{FAE04EC0-301F-11D3-BF4B-00C04F79EFBC}") = "rollingBall", "Assembly-CSharp.csproj", "{8CEE0504-0965-6765-7F66-8D032CB8F24D}"
EndProject
Global
	GlobalSection(SolutionConfigurationPlatforms) = preSolution
		Debug|Any CPU = Debug|Any CPU
		Release|Any CPU = Release|Any CPU
	EndGlobalSection
	GlobalSection(ProjectConfigurationPlatforms) = postSolution
		{8CEE0504-0965-6765-7F66-8D032CB8F24D}.Debug|Any CPU.ActiveCfg = Debug|Any CPU
		{8CEE0504-0965-6765-7F66-8D032CB8F24D}.Debug|Any CPU.Build.0 = Debug|Any CPU
		{8CEE0504-0965-6765-7F66-8D032CB8F24D}.Release|Any CPU.ActiveCfg = Release|Any CPU
		{8CEE0504-0965-6765-7F66-8D032CB8F24D}.Release|Any CPU.Build.0 = Release|Any CPU
	EndGlobalSection
	GlobalSection(SolutionProperties) = preSolution
		HideSolutionNode = FALSE
	EndGlobalSection
	GlobalSection(MonoDevelopProperties) = preSolution
		StartupItem = Assembly-CSharp.csproj
	EndGlobalSection
EndGlobal
